
Microsoft Visual Studio Solution File, Format Version 12.00
# Visual Studio Version 16
VisualStudioVersion = 16.0.30114.105
MinimumVisualStudioVersion = 10.0.40219.1
Project("{2150E333-8FDC-42A3-9474-1A3956D46DE8}") = "src", "src", "{ADF16990-7198-11EC-B912-7B4FCAEEBE39}"
EndProject
Project("{FAE04EC0-301F-11D3-BF4B-00C04F79EFBC}") = "PS.Domain", "PS.Domain\PS.Domain.csproj", "{9FF6AB51-04A1-416C-B578-4F61A3FC137D}"
EndProject
Project("{FAE04EC0-301F-11D3-BF4B-00C04F79EFBC}") = "PS.UnitTest", "Ps.UnitTest\PS.UnitTest.csproj", "{1461E3A2-D1A2-47FE-A3D1-B4BF73B66F92}"
EndProject
Project("{FAE04EC0-301F-11D3-BF4B-00C04F79EFBC}") = "PS.API", "PS.API\PS.API.csproj", "{DC767DB1-6014-49D7-AB2F-DEAD70B7B852}"
EndProject
Global
	GlobalSection(SolutionConfigurationPlatforms) = preSolution
		Debug|Any CPU = Debug|Any CPU
		Debug|x64 = Debug|x64
		Debug|x86 = Debug|x86
		Release|Any CPU = Release|Any CPU
		Release|x64 = Release|x64
		Release|x86 = Release|x86
	EndGlobalSection
	GlobalSection(SolutionProperties) = preSolution
		HideSolutionNode = FALSE
	EndGlobalSection
	GlobalSection(ProjectConfigurationPlatforms) = postSolution
		{9FF6AB51-04A1-416C-B578-4F61A3FC137D}.Debug|Any CPU.ActiveCfg = Debug|Any CPU
		{9FF6AB51-04A1-416C-B578-4F61A3FC137D}.Debug|Any CPU.Build.0 = Debug|Any CPU
		{9FF6AB51-04A1-416C-B578-4F61A3FC137D}.Debug|x64.ActiveCfg = Debug|Any CPU
		{9FF6AB51-04A1-416C-B578-4F61A3FC137D}.Debug|x64.Build.0 = Debug|Any CPU
		{9FF6AB51-04A1-416C-B578-4F61A3FC137D}.Debug|x86.ActiveCfg = Debug|Any CPU
		{9FF6AB51-04A1-416C-B578-4F61A3FC137D}.Debug|x86.Build.0 = Debug|Any CPU
		{9FF6AB51-04A1-416C-B578-4F61A3FC137D}.Release|Any CPU.ActiveCfg = Release|Any CPU
		{9FF6AB51-04A1-416C-B578-4F61A3FC137D}.Release|Any CPU.Build.0 = Release|Any CPU
		{9FF6AB51-04A1-416C-B578-4F61A3FC137D}.Release|x64.ActiveCfg = Release|Any CPU
		{9FF6AB51-04A1-416C-B578-4F61A3FC137D}.Release|x64.Build.0 = Release|Any CPU
		{9FF6AB51-04A1-416C-B578-4F61A3FC137D}.Release|x86.ActiveCfg = Release|Any CPU
		{9FF6AB51-04A1-416C-B578-4F61A3FC137D}.Release|x86.Build.0 = Release|Any CPU
		{1461E3A2-D1A2-47FE-A3D1-B4BF73B66F92}.Debug|Any CPU.ActiveCfg = Debug|Any CPU
		{1461E3A2-D1A2-47FE-A3D1-B4BF73B66F92}.Debug|Any CPU.Build.0 = Debug|Any CPU
		{1461E3A2-D1A2-47FE-A3D1-B4BF73B66F92}.Debug|x64.ActiveCfg = Debug|Any CPU
		{1461E3A2-D1A2-47FE-A3D1-B4BF73B66F92}.Debug|x64.Build.0 = Debug|Any CPU
		{1461E3A2-D1A2-47FE-A3D1-B4BF73B66F92}.Debug|x86.ActiveCfg = Debug|Any CPU
		{1461E3A2-D1A2-47FE-A3D1-B4BF73B66F92}.Debug|x86.Build.0 = Debug|Any CPU
		{1461E3A2-D1A2-47FE-A3D1-B4BF73B66F92}.Release|Any CPU.ActiveCfg = Release|Any CPU
		{1461E3A2-D1A2-47FE-A3D1-B4BF73B66F92}.Release|Any CPU.Build.0 = Release|Any CPU
		{1461E3A2-D1A2-47FE-A3D1-B4BF73B66F92}.Release|x64.ActiveCfg = Release|Any CPU
		{1461E3A2-D1A2-47FE-A3D1-B4BF73B66F92}.Release|x64.Build.0 = Release|Any CPU
		{1461E3A2-D1A2-47FE-A3D1-B4BF73B66F92}.Release|x86.ActiveCfg = Release|Any CPU
		{1461E3A2-D1A2-47FE-A3D1-B4BF73B66F92}.Release|x86.Build.0 = Release|Any CPU
		{DC767DB1-6014-49D7-AB2F-DEAD70B7B852}.Debug|Any CPU.ActiveCfg = Debug|Any CPU
		{DC767DB1-6014-49D7-AB2F-DEAD70B7B852}.Debug|Any CPU.Build.0 = Debug|Any CPU
		{DC767DB1-6014-49D7-AB2F-DEAD70B7B852}.Debug|x64.ActiveCfg = Debug|Any CPU
		{DC767DB1-6014-49D7-AB2F-DEAD70B7B852}.Debug|x64.Build.0 = Debug|Any CPU
		{DC767DB1-6014-49D7-AB2F-DEAD70B7B852}.Debug|x86.ActiveCfg = Debug|Any CPU
		{DC767DB1-6014-49D7-AB2F-DEAD70B7B852}.Debug|x86.Build.0 = Debug|Any CPU
		{DC767DB1-6014-49D7-AB2F-DEAD70B7B852}.Release|Any CPU.ActiveCfg = Release|Any CPU
		{DC767DB1-6014-49D7-AB2F-DEAD70B7B852}.Release|Any CPU.Build.0 = Release|Any CPU
		{DC767DB1-6014-49D7-AB2F-DEAD70B7B852}.Release|x64.ActiveCfg = Release|Any CPU
		{DC767DB1-6014-49D7-AB2F-DEAD70B7B852}.Release|x64.Build.0 = Release|Any CPU
		{DC767DB1-6014-49D7-AB2F-DEAD70B7B852}.Release|x86.ActiveCfg = Release|Any CPU
		{DC767DB1-6014-49D7-AB2F-DEAD70B7B852}.Release|x86.Build.0 = Release|Any CPU
	EndGlobalSection
	GlobalSection(NestedProjects) = preSolution
		{DC767DB1-6014-49D7-AB2F-DEAD70B7B852} = {ADF16990-7198-11EC-B912-7B4FCAEEBE39}
		{1461E3A2-D1A2-47FE-A3D1-B4BF73B66F92} = {ADF16990-7198-11EC-B912-7B4FCAEEBE39}
		{9FF6AB51-04A1-416C-B578-4F61A3FC137D} = {ADF16990-7198-11EC-B912-7B4FCAEEBE39}
	EndGlobalSection
EndGlobal
