
Microsoft Visual Studio Solution File, Format Version 12.00
# Visual Studio Version 16
VisualStudioVersion = 16.0.30114.105
MinimumVisualStudioVersion = 10.0.40219.1
Project("{2150E333-8FDC-42A3-9474-1A3956D46DE8}") = "src", "src", "{8EA1B300-7027-11EC-B97F-FB07BBFC1700}"
EndProject
Project("{FAE04EC0-301F-11D3-BF4B-00C04F79EFBC}") = "PS.API", "PsWebApi\PS.API.csproj", "{82ABA449-B546-491B-86FC-32BA9309EB04}"
EndProject
Project("{FAE04EC0-301F-11D3-BF4B-00C04F79EFBC}") = "PS.Domain", "PsDomain\PS.Domain.csproj", "{5D59FF9B-B55F-44B2-8C4B-804E5DA96DB0}"
EndProject
Project("{FAE04EC0-301F-11D3-BF4B-00C04F79EFBC}") = "PS.Infrastructure", "PS.Infrastructure\PS.Infrastructure.csproj", "{EA1ED6D0-CEFA-42A6-A9A2-791F81D27058}"
EndProject
Project("{FAE04EC0-301F-11D3-BF4B-00C04F79EFBC}") = "PS.UnitTests", "PS.UnitTests\PS.UnitTests.csproj", "{E17E5462-CEFA-4912-8B80-2F468191637D}"
EndProject
Project("{FAE04EC0-301F-11D3-BF4B-00C04F79EFBC}") = "PS.FuncionalTests", "PS.FuncionalTests\PS.FuncionalTests.csproj", "{3964ED3B-8E6C-44ED-968E-A46E2768299A}"
EndProject
Global
	GlobalSection(SolutionConfigurationPlatforms) = preSolution
		Debug|Any CPU = Debug|Any CPU
		Debug|x64 = Debug|x64
		Debug|x86 = Debug|x86
		Release|Any CPU = Release|Any CPU
		Release|x64 = Release|x64
		Release|x86 = Release|x86
	EndGlobalSection
	GlobalSection(SolutionProperties) = preSolution
		HideSolutionNode = FALSE
	EndGlobalSection
	GlobalSection(ProjectConfigurationPlatforms) = postSolution
		{82ABA449-B546-491B-86FC-32BA9309EB04}.Debug|Any CPU.ActiveCfg = Debug|Any CPU
		{82ABA449-B546-491B-86FC-32BA9309EB04}.Debug|Any CPU.Build.0 = Debug|Any CPU
		{82ABA449-B546-491B-86FC-32BA9309EB04}.Debug|x64.ActiveCfg = Debug|Any CPU
		{82ABA449-B546-491B-86FC-32BA9309EB04}.Debug|x64.Build.0 = Debug|Any CPU
		{82ABA449-B546-491B-86FC-32BA9309EB04}.Debug|x86.ActiveCfg = Debug|Any CPU
		{82ABA449-B546-491B-86FC-32BA9309EB04}.Debug|x86.Build.0 = Debug|Any CPU
		{82ABA449-B546-491B-86FC-32BA9309EB04}.Release|Any CPU.ActiveCfg = Release|Any CPU
		{82ABA449-B546-491B-86FC-32BA9309EB04}.Release|Any CPU.Build.0 = Release|Any CPU
		{82ABA449-B546-491B-86FC-32BA9309EB04}.Release|x64.ActiveCfg = Release|Any CPU
		{82ABA449-B546-491B-86FC-32BA9309EB04}.Release|x64.Build.0 = Release|Any CPU
		{82ABA449-B546-491B-86FC-32BA9309EB04}.Release|x86.ActiveCfg = Release|Any CPU
		{82ABA449-B546-491B-86FC-32BA9309EB04}.Release|x86.Build.0 = Release|Any CPU
		{5D59FF9B-B55F-44B2-8C4B-804E5DA96DB0}.Debug|Any CPU.ActiveCfg = Debug|Any CPU
		{5D59FF9B-B55F-44B2-8C4B-804E5DA96DB0}.Debug|Any CPU.Build.0 = Debug|Any CPU
		{5D59FF9B-B55F-44B2-8C4B-804E5DA96DB0}.Debug|x64.ActiveCfg = Debug|Any CPU
		{5D59FF9B-B55F-44B2-8C4B-804E5DA96DB0}.Debug|x64.Build.0 = Debug|Any CPU
		{5D59FF9B-B55F-44B2-8C4B-804E5DA96DB0}.Debug|x86.ActiveCfg = Debug|Any CPU
		{5D59FF9B-B55F-44B2-8C4B-804E5DA96DB0}.Debug|x86.Build.0 = Debug|Any CPU
		{5D59FF9B-B55F-44B2-8C4B-804E5DA96DB0}.Release|Any CPU.ActiveCfg = Release|Any CPU
		{5D59FF9B-B55F-44B2-8C4B-804E5DA96DB0}.Release|Any CPU.Build.0 = Release|Any CPU
		{5D59FF9B-B55F-44B2-8C4B-804E5DA96DB0}.Release|x64.ActiveCfg = Release|Any CPU
		{5D59FF9B-B55F-44B2-8C4B-804E5DA96DB0}.Release|x64.Build.0 = Release|Any CPU
		{5D59FF9B-B55F-44B2-8C4B-804E5DA96DB0}.Release|x86.ActiveCfg = Release|Any CPU
		{5D59FF9B-B55F-44B2-8C4B-804E5DA96DB0}.Release|x86.Build.0 = Release|Any CPU
		{EA1ED6D0-CEFA-42A6-A9A2-791F81D27058}.Debug|Any CPU.ActiveCfg = Debug|Any CPU
		{EA1ED6D0-CEFA-42A6-A9A2-791F81D27058}.Debug|Any CPU.Build.0 = Debug|Any CPU
		{EA1ED6D0-CEFA-42A6-A9A2-791F81D27058}.Debug|x64.ActiveCfg = Debug|Any CPU
		{EA1ED6D0-CEFA-42A6-A9A2-791F81D27058}.Debug|x64.Build.0 = Debug|Any CPU
		{EA1ED6D0-CEFA-42A6-A9A2-791F81D27058}.Debug|x86.ActiveCfg = Debug|Any CPU
		{EA1ED6D0-CEFA-42A6-A9A2-791F81D27058}.Debug|x86.Build.0 = Debug|Any CPU
		{EA1ED6D0-CEFA-42A6-A9A2-791F81D27058}.Release|Any CPU.ActiveCfg = Release|Any CPU
		{EA1ED6D0-CEFA-42A6-A9A2-791F81D27058}.Release|Any CPU.Build.0 = Release|Any CPU
		{EA1ED6D0-CEFA-42A6-A9A2-791F81D27058}.Release|x64.ActiveCfg = Release|Any CPU
		{EA1ED6D0-CEFA-42A6-A9A2-791F81D27058}.Release|x64.Build.0 = Release|Any CPU
		{EA1ED6D0-CEFA-42A6-A9A2-791F81D27058}.Release|x86.ActiveCfg = Release|Any CPU
		{EA1ED6D0-CEFA-42A6-A9A2-791F81D27058}.Release|x86.Build.0 = Release|Any CPU
		{E17E5462-CEFA-4912-8B80-2F468191637D}.Debug|Any CPU.ActiveCfg = Debug|Any CPU
		{E17E5462-CEFA-4912-8B80-2F468191637D}.Debug|Any CPU.Build.0 = Debug|Any CPU
		{E17E5462-CEFA-4912-8B80-2F468191637D}.Debug|x64.ActiveCfg = Debug|Any CPU
		{E17E5462-CEFA-4912-8B80-2F468191637D}.Debug|x64.Build.0 = Debug|Any CPU
		{E17E5462-CEFA-4912-8B80-2F468191637D}.Debug|x86.ActiveCfg = Debug|Any CPU
		{E17E5462-CEFA-4912-8B80-2F468191637D}.Debug|x86.Build.0 = Debug|Any CPU
		{E17E5462-CEFA-4912-8B80-2F468191637D}.Release|Any CPU.ActiveCfg = Release|Any CPU
		{E17E5462-CEFA-4912-8B80-2F468191637D}.Release|Any CPU.Build.0 = Release|Any CPU
		{E17E5462-CEFA-4912-8B80-2F468191637D}.Release|x64.ActiveCfg = Release|Any CPU
		{E17E5462-CEFA-4912-8B80-2F468191637D}.Release|x64.Build.0 = Release|Any CPU
		{E17E5462-CEFA-4912-8B80-2F468191637D}.Release|x86.ActiveCfg = Release|Any CPU
		{E17E5462-CEFA-4912-8B80-2F468191637D}.Release|x86.Build.0 = Release|Any CPU
		{3964ED3B-8E6C-44ED-968E-A46E2768299A}.Debug|Any CPU.ActiveCfg = Debug|Any CPU
		{3964ED3B-8E6C-44ED-968E-A46E2768299A}.Debug|Any CPU.Build.0 = Debug|Any CPU
		{3964ED3B-8E6C-44ED-968E-A46E2768299A}.Debug|x64.ActiveCfg = Debug|Any CPU
		{3964ED3B-8E6C-44ED-968E-A46E2768299A}.Debug|x64.Build.0 = Debug|Any CPU
		{3964ED3B-8E6C-44ED-968E-A46E2768299A}.Debug|x86.ActiveCfg = Debug|Any CPU
		{3964ED3B-8E6C-44ED-968E-A46E2768299A}.Debug|x86.Build.0 = Debug|Any CPU
		{3964ED3B-8E6C-44ED-968E-A46E2768299A}.Release|Any CPU.ActiveCfg = Release|Any CPU
		{3964ED3B-8E6C-44ED-968E-A46E2768299A}.Release|Any CPU.Build.0 = Release|Any CPU
		{3964ED3B-8E6C-44ED-968E-A46E2768299A}.Release|x64.ActiveCfg = Release|Any CPU
		{3964ED3B-8E6C-44ED-968E-A46E2768299A}.Release|x64.Build.0 = Release|Any CPU
		{3964ED3B-8E6C-44ED-968E-A46E2768299A}.Release|x86.ActiveCfg = Release|Any CPU
		{3964ED3B-8E6C-44ED-968E-A46E2768299A}.Release|x86.Build.0 = Release|Any CPU
	EndGlobalSection
	GlobalSection(NestedProjects) = preSolution
		{3964ED3B-8E6C-44ED-968E-A46E2768299A} = {8EA1B300-7027-11EC-B97F-FB07BBFC1700}
		{E17E5462-CEFA-4912-8B80-2F468191637D} = {8EA1B300-7027-11EC-B97F-FB07BBFC1700}
		{EA1ED6D0-CEFA-42A6-A9A2-791F81D27058} = {8EA1B300-7027-11EC-B97F-FB07BBFC1700}
		{5D59FF9B-B55F-44B2-8C4B-804E5DA96DB0} = {8EA1B300-7027-11EC-B97F-FB07BBFC1700}
		{82ABA449-B546-491B-86FC-32BA9309EB04} = {8EA1B300-7027-11EC-B97F-FB07BBFC1700}
	EndGlobalSection
EndGlobal
